
Microsoft Visual Studio Solution File, Format Version 11.00
# Visual Studio 2010
Project("{8BC9CEB8-8B4A-11D0-8D11-00A0C91BC942}") = "Task5", "Task5\Task5.vcxproj", "{B0E6C615-C72D-4F81-AB36-2D090C6C8BCC}"
EndProject
Global
	GlobalSection(SolutionConfigurationPlatforms) = preSolution
		Debug|Win32 = Debug|Win32
		Release|Win32 = Release|Win32
	EndGlobalSection
	GlobalSection(ProjectConfigurationPlatforms) = postSolution
		{B0E6C615-C72D-4F81-AB36-2D090C6C8BCC}.Debug|Win32.ActiveCfg = Debug|Win32
		{B0E6C615-C72D-4F81-AB36-2D090C6C8BCC}.Debug|Win32.Build.0 = Debug|Win32
		{B0E6C615-C72D-4F81-AB36-2D090C6C8BCC}.Release|Win32.ActiveCfg = Release|Win32
		{B0E6C615-C72D-4F81-AB36-2D090C6C8BCC}.Release|Win32.Build.0 = Release|Win32
	EndGlobalSection
	GlobalSection(SolutionProperties) = preSolution
		HideSolutionNode = FALSE
	EndGlobalSection
EndGlobal
