
Microsoft Visual Studio Solution File, Format Version 11.00
# Visual Studio 2010
Project("{8BC9CEB8-8B4A-11D0-8D11-00A0C91BC942}") = "Task4", "Task4\Task4.vcxproj", "{C59640DB-D114-4162-9906-A64ADC736FB7}"
EndProject
Global
	GlobalSection(SolutionConfigurationPlatforms) = preSolution
		Debug|Win32 = Debug|Win32
		Release|Win32 = Release|Win32
	EndGlobalSection
	GlobalSection(ProjectConfigurationPlatforms) = postSolution
		{C59640DB-D114-4162-9906-A64ADC736FB7}.Debug|Win32.ActiveCfg = Debug|Win32
		{C59640DB-D114-4162-9906-A64ADC736FB7}.Debug|Win32.Build.0 = Debug|Win32
		{C59640DB-D114-4162-9906-A64ADC736FB7}.Release|Win32.ActiveCfg = Release|Win32
		{C59640DB-D114-4162-9906-A64ADC736FB7}.Release|Win32.Build.0 = Release|Win32
	EndGlobalSection
	GlobalSection(SolutionProperties) = preSolution
		HideSolutionNode = FALSE
	EndGlobalSection
EndGlobal
