
Microsoft Visual Studio Solution File, Format Version 11.00
# Visual Studio 2010
Project("{8BC9CEB8-8B4A-11D0-8D11-00A0C91BC942}") = "Task2", "Task2\Task2.vcxproj", "{EEACD6DF-EFE5-489D-A25F-57C3A09A404C}"
EndProject
Global
	GlobalSection(SolutionConfigurationPlatforms) = preSolution
		Debug|Win32 = Debug|Win32
		Release|Win32 = Release|Win32
	EndGlobalSection
	GlobalSection(ProjectConfigurationPlatforms) = postSolution
		{EEACD6DF-EFE5-489D-A25F-57C3A09A404C}.Debug|Win32.ActiveCfg = Debug|Win32
		{EEACD6DF-EFE5-489D-A25F-57C3A09A404C}.Debug|Win32.Build.0 = Debug|Win32
		{EEACD6DF-EFE5-489D-A25F-57C3A09A404C}.Release|Win32.ActiveCfg = Release|Win32
		{EEACD6DF-EFE5-489D-A25F-57C3A09A404C}.Release|Win32.Build.0 = Release|Win32
	EndGlobalSection
	GlobalSection(SolutionProperties) = preSolution
		HideSolutionNode = FALSE
	EndGlobalSection
EndGlobal
